
Microsoft Visual Studio Solution File, Format Version 12.00
# Visual Studio Version 17
VisualStudioVersion = 17.9.34607.119
MinimumVisualStudioVersion = 10.0.40219.1
Project("{2150E333-8FDC-42A3-9474-1A3956D46DE8}") = "Chapter01", "Chapter01", "{4E426D0E-4738-4C5B-B84E-55FB5660AA8D}"
EndProject
Project("{FAE04EC0-301F-11D3-BF4B-00C04F79EFBC}") = "ProductSample", "Chapter01\ProductSample\ProductSample.csproj", "{49666A36-240F-4A57-B03C-E288F17F92E4}"
EndProject
Project("{2150E333-8FDC-42A3-9474-1A3956D46DE8}") = "Chapter02", "Chapter02", "{82855088-9D82-4E52-B7BC-DDD9C2EF1125}"
EndProject
Project("{FAE04EC0-301F-11D3-BF4B-00C04F79EFBC}") = "DistanceConverter", "Chapter02\DistanceConverter\DistanceConverter.csproj", "{EB1EC2A1-6526-49F6-AEBF-E251B1E09F5C}"
EndProject
Project("{2150E333-8FDC-42A3-9474-1A3956D46DE8}") = "距離換算プログラム", "距離換算プログラム", "{CC5F8113-94BF-486C-AF29-8EB2231A2F24}"
EndProject
Project("{2150E333-8FDC-42A3-9474-1A3956D46DE8}") = "売上集計プログラム", "売上集計プログラム", "{AF31C7D8-4C43-4F75-B4A7-78127EA80589}"
EndProject
Project("{FAE04EC0-301F-11D3-BF4B-00C04F79EFBC}") = "SalesCounter", "Chapter02\SalesCounter\SalesCounter.csproj", "{2783BEE3-6C3B-476C-9864-9C1D37D2C33F}"
EndProject
Project("{2150E333-8FDC-42A3-9474-1A3956D46DE8}") = "#演習フォルダ", "#演習フォルダ", "{10B0231A-13A6-4E6D-90B9-0E33C205759D}"
EndProject
Project("{FAE04EC0-301F-11D3-BF4B-00C04F79EFBC}") = "Exercise1", "Chapter02\演習問題\Exercise1\Exercise1.csproj", "{B1F30FA2-AE4D-466C-9B07-249CAD843E60}"
EndProject
Project("{FAE04EC0-301F-11D3-BF4B-00C04F79EFBC}") = "Exercise2", "Chapter02\演習問題\Exercise2\Exercise2.csproj", "{DDB732CF-5CDA-4750-A484-E8E2E70D576F}"
EndProject
Project("{2150E333-8FDC-42A3-9474-1A3956D46DE8}") = "FormApps", "FormApps", "{8EE8865A-A40D-4D52-BE2B-00EE653C031E}"
EndProject
Project("{9A19103F-16F7-4668-BE54-9A1E7A4F7556}") = "BallApp", "FormApps\BallApp\BallApp.csproj", "{8ACBB068-2987-42BA-9A4A-258A2752C06A}"
EndProject
Project("{2150E333-8FDC-42A3-9474-1A3956D46DE8}") = "Chapter03", "Chapter03", "{0CACB17D-9ACA-4302-8126-43ACCD8AB775}"
EndProject
Project("{FAE04EC0-301F-11D3-BF4B-00C04F79EFBC}") = "Section01", "Chapter03\Section01\Section01.csproj", "{5288EF01-E302-4C58-BDB3-20EB513CCDE5}"
EndProject
Project("{2150E333-8FDC-42A3-9474-1A3956D46DE8}") = "演習問題", "演習問題", "{F87C5908-134D-49B7-9790-065AA4411338}"
EndProject
Project("{FAE04EC0-301F-11D3-BF4B-00C04F79EFBC}") = "Exercise01", "Chapter03\演習問題\Exercise01\Exercise01.csproj", "{0E005B86-5FBC-432F-9DEF-91E44566CE6E}"
EndProject
Project("{FAE04EC0-301F-11D3-BF4B-00C04F79EFBC}") = "Exercise02", "Chapter03\演習問題\Exercise02\Exercise02.csproj", "{3012CCDA-1C33-4C69-9968-6D42F4FE54B0}"
EndProject
Project("{2150E333-8FDC-42A3-9474-1A3956D46DE8}") = "Chapter04", "Chapter04", "{03DD21A0-DE49-4D16-BFCF-6C8EE43832AB}"
EndProject
Project("{FAE04EC0-301F-11D3-BF4B-00C04F79EFBC}") = "Section01", "Chapter04\Section01\Section01.csproj", "{9E8E6654-4376-4896-916D-089ADB50460B}"
EndProject
Project("{2150E333-8FDC-42A3-9474-1A3956D46DE8}") = "演習問題", "演習問題", "{B08B67E1-45D9-49CE-8CC1-1A969DB47009}"
EndProject
Project("{FAE04EC0-301F-11D3-BF4B-00C04F79EFBC}") = "Exercise01", "Chapter04\演習問題\Exercise01\Exercise01.csproj", "{6AFCA804-47B6-44A2-9767-10A3009AAEFD}"
EndProject
Project("{FAE04EC0-301F-11D3-BF4B-00C04F79EFBC}") = "Exercise02", "Chapter04\演習問題\Exercise02\Exercise02.csproj", "{34700637-9E80-475C-B828-0AD6E3A6F080}"
EndProject
Project("{2150E333-8FDC-42A3-9474-1A3956D46DE8}") = "Chapter05", "Chapter05", "{681D5303-0ACF-486E-BB1C-EB794336ED54}"
EndProject
Project("{2150E333-8FDC-42A3-9474-1A3956D46DE8}") = "演習問題", "演習問題", "{4D69EFAC-DF57-43D5-B5DA-5CFA64E6EEBD}"
EndProject
Project("{FAE04EC0-301F-11D3-BF4B-00C04F79EFBC}") = "Exercise01", "Chapter05\演習問題\Exercise01\Exercise01.csproj", "{145A01D0-7F9E-4847-9432-8D8C64BA3623}"
EndProject
Project("{FAE04EC0-301F-11D3-BF4B-00C04F79EFBC}") = "Exercise02", "Chapter05\演習問題\Exercise02\Exercise02.csproj", "{59B9B07A-E703-414D-89D9-DC3FACDA16AC}"
EndProject
Project("{FAE04EC0-301F-11D3-BF4B-00C04F79EFBC}") = "Exercise03", "Chapter05\演習問題\Exercise03\Exercise03.csproj", "{E2C63CF3-BAF5-4FFA-909F-0327EE9390DB}"
EndProject
Project("{FAE04EC0-301F-11D3-BF4B-00C04F79EFBC}") = "Exercise04", "Chapter05\演習問題\Exercise04\Exercise04.csproj", "{25A81D8B-E55C-4602-9741-8D63A3598167}"
EndProject
Project("{2150E333-8FDC-42A3-9474-1A3956D46DE8}") = "Chapter06", "Chapter06", "{5933C806-D7FE-4A99-A519-6B87B0505183}"
EndProject
Project("{FAE04EC0-301F-11D3-BF4B-00C04F79EFBC}") = "Section01", "Chapter06\Section01\Section01.csproj", "{62AA2D74-55F4-4E64-94C2-B45AB7E87037}"
EndProject
Project("{2150E333-8FDC-42A3-9474-1A3956D46DE8}") = "演習問題", "演習問題", "{3DC4CF4F-E5F4-4C1A-994D-7740916A64D3}"
EndProject
Project("{FAE04EC0-301F-11D3-BF4B-00C04F79EFBC}") = "Exercise01", "Chapter06\演習問題\Exercise01\Exercise01.csproj", "{E307CDB4-2D85-4A12-9BC1-BB4226F10851}"
EndProject
Project("{FAE04EC0-301F-11D3-BF4B-00C04F79EFBC}") = "Exercise02", "Chapter06\演習問題\Exercise02\Exercise02.csproj", "{DDCA3DC8-857B-4937-A24D-D90AE9D6A6F9}"
EndProject
Project("{2150E333-8FDC-42A3-9474-1A3956D46DE8}") = "Chapter07", "Chapter07", "{986AB4F4-F789-41DA-AE9E-B86229439A16}"
EndProject
Project("{FAE04EC0-301F-11D3-BF4B-00C04F79EFBC}") = "Section01", "Chapter07\Section01\Section01.csproj", "{787BA64B-BD42-4BF7-BCCC-9C3DB3776F10}"
EndProject
Project("{FAE04EC0-301F-11D3-BF4B-00C04F79EFBC}") = "Section02", "Chapter07\Section02\Section02.csproj", "{05B1354E-5222-48EC-AAB8-FEC79AC6A8DA}"
EndProject
Project("{2150E333-8FDC-42A3-9474-1A3956D46DE8}") = "Test2406", "Test2406", "{49F7B07C-DE18-4E6B-B97C-726BEF7FB41A}"
EndProject
Project("{FAE04EC0-301F-11D3-BF4B-00C04F79EFBC}") = "Test01", "TestProject\Test01\Test01.csproj", "{2BFACDC3-F44D-4199-8498-F5C3C4AC0335}"
EndProject
Project("{FAE04EC0-301F-11D3-BF4B-00C04F79EFBC}") = "Test02", "TestProject\Test02\Test02.csproj", "{E461C0A8-8900-485C-B520-E929BA33F712}"
EndProject
Project("{FAE04EC0-301F-11D3-BF4B-00C04F79EFBC}") = "Section03", "Chapter07\Section03\Section03.csproj", "{B18F03DC-2B11-4423-8217-279E69F91287}"
EndProject
Project("{FAE04EC0-301F-11D3-BF4B-00C04F79EFBC}") = "Section04", "Chapter07\Section04\Section04.csproj", "{C2B46C98-27EB-4961-A377-8523C384824A}"
EndProject
Project("{2150E333-8FDC-42A3-9474-1A3956D46DE8}") = "Chapter08", "Chapter08", "{6D95AA15-CBE9-444C-BD4E-DFC299964979}"
EndProject
Project("{FAE04EC0-301F-11D3-BF4B-00C04F79EFBC}") = "Section01", "Chapter08\Section01\Section01.csproj", "{DAEB1A8D-C985-4DBB-9BBC-DC292A097280}"
EndProject
Project("{9A19103F-16F7-4668-BE54-9A1E7A4F7556}") = "DateTimeApp", "FormApps\DateTimeApp\DateTimeApp.csproj", "{6AC3BF6E-6B96-47F9-89F3-CD7808ED9736}"
EndProject
Project("{9A19103F-16F7-4668-BE54-9A1E7A4F7556}") = "Exercise01", "Chapter08\演習問題\Exercise01\Exercise01.csproj", "{1B420C41-AD5D-4118-BB38-BD719B78FC7D}"
EndProject
Project("{9A19103F-16F7-4668-BE54-9A1E7A4F7556}") = "CarReportSystem", "FormApps\CarReportSystem\CarReportSystem.csproj", "{8E70543E-4A9C-486E-A88E-D30F89A9D2CB}"
EndProject
Project("{2150E333-8FDC-42A3-9474-1A3956D46DE8}") = "Chapter11", "Chapter11", "{5EC17CD4-536D-4AEA-A5F1-197FE4A5F5E9}"
EndProject
Project("{FAE04EC0-301F-11D3-BF4B-00C04F79EFBC}") = "Section01", "Chapter11\Section01\Section01.csproj", "{7CA90D36-4018-495C-9685-EE8E88702349}"
EndProject
Project("{2150E333-8FDC-42A3-9474-1A3956D46DE8}") = "演習問題", "演習問題", "{3F93CC8B-9180-4B8A-BB9E-CFFE7403DC45}"
EndProject
Project("{FAE04EC0-301F-11D3-BF4B-00C04F79EFBC}") = "Exercise01", "Chapter11\演習問題\Exercise01\Exercise01.csproj", "{0B603041-E9F9-488A-BF0C-1DD8FA2B68A4}"
EndProject
Project("{FAE04EC0-301F-11D3-BF4B-00C04F79EFBC}") = "Section02", "Chapter11\Section02\Section02.csproj", "{CB75BC8A-177B-43C6-B23D-9BAE2787B6D0}"
EndProject
Project("{2150E333-8FDC-42A3-9474-1A3956D46DE8}") = "Chapter12", "Chapter12", "{FE35FAED-0A82-4AD7-9CBA-D4AA01B5D1E9}"
EndProject
Project("{FAE04EC0-301F-11D3-BF4B-00C04F79EFBC}") = "Section01", "Chapter12\Section01\Section01.csproj", "{2C178299-0D60-4A16-82F7-434A001E09C1}"
EndProject
Project("{2150E333-8FDC-42A3-9474-1A3956D46DE8}") = "演習問題", "演習問題", "{6C616E79-C1A7-468A-A6DC-A4E20E7B22A5}"
EndProject
Project("{FAE04EC0-301F-11D3-BF4B-00C04F79EFBC}") = "Exercise01", "Chapter12\演習問題\Exercise01\Exercise01.csproj", "{FB67DE46-D72F-493F-9680-EE9F3CB29B6B}"
EndProject
Project("{FAE04EC0-301F-11D3-BF4B-00C04F79EFBC}") = "Section02", "Chapter12\Section02\Section02.csproj", "{F2A442A9-7512-485D-BAA5-4B060DEE0B0C}"
EndProject
Project("{FAE04EC0-301F-11D3-BF4B-00C04F79EFBC}") = "RssReader", "FormApps\RssReader\RssReader.csproj", "{50C86506-6730-4D95-BF01-239703D6B21E}"
EndProject
Project("{2150E333-8FDC-42A3-9474-1A3956D46DE8}") = "Chapter13", "Chapter13", "{2B40AFB3-05AC-45DA-A53F-AC53A6322630}"
EndProject
Project("{FAE04EC0-301F-11D3-BF4B-00C04F79EFBC}") = "SampleEntityFramework", "Chapter13\SampleEntityFramework\SampleEntityFramework.csproj", "{1ACB1F26-BC29-41E7-BE11-AC8756DB2B15}"
EndProject
Project("{FAE04EC0-301F-11D3-BF4B-00C04F79EFBC}") = "ADOSample", "FormApps\ADOSample\ADOSample.csproj", "{F2AC7D0B-4D56-40F5-A3B5-B1B21F2B9993}"
EndProject
Project("{2150E333-8FDC-42A3-9474-1A3956D46DE8}") = "Chapter15", "Chapter15", "{4F8CA2A5-D110-4B08-B8A2-2564AC6CD43A}"
EndProject
Project("{FAE04EC0-301F-11D3-BF4B-00C04F79EFBC}") = "Section01", "Chapter15\Section01\Section01.csproj", "{210E4E24-A0AE-4280-B2EF-E5F1BD357D49}"
EndProject
Project("{2150E333-8FDC-42A3-9474-1A3956D46DE8}") = "演習問題", "演習問題", "{BB73B072-2776-4AFA-9CB3-D3E44291629A}"
EndProject
Project("{FAE04EC0-301F-11D3-BF4B-00C04F79EFBC}") = "Exercise01", "Chapter15\演習問題\Exercise01\Exercise01.csproj", "{67BFBAAC-3582-426E-B18C-A694561EE5A9}"
EndProject
Project("{2150E333-8FDC-42A3-9474-1A3956D46DE8}") = "Chapter16", "Chapter16", "{5DC76838-2856-45F2-AEA4-8508EBBB050E}"
EndProject
Project("{FAE04EC0-301F-11D3-BF4B-00C04F79EFBC}") = "Section03", "Chapter16\Section03\Section03.csproj", "{F4E376CC-CF3C-4ECC-8891-7BBD82A3DA4D}"
EndProject
Project("{FAE04EC0-301F-11D3-BF4B-00C04F79EFBC}") = "Section04", "Chapter16\Section04\Section04.csproj", "{58F408DF-06C9-44CC-8FE4-0855E8651335}"
EndProject
Project("{2150E333-8FDC-42A3-9474-1A3956D46DE8}") = "Chapter17", "Chapter17", "{B0272A98-20AD-42AF-A224-BFC23857C7E4}"
EndProject
Project("{FAE04EC0-301F-11D3-BF4B-00C04F79EFBC}") = "Section01", "Chapter17\Section01\Section01.csproj", "{59A895EE-12E1-4C1E-BC86-594F5BA8038B}"
EndProject
Project("{FAE04EC0-301F-11D3-BF4B-00C04F79EFBC}") = "Section02", "Chapter17\Section02\Section02.csproj", "{F7DE7E8A-0646-404D-811C-A4BAE83714A6}"
EndProject
Project("{2150E333-8FDC-42A3-9474-1A3956D46DE8}") = "TemplateMethod", "TemplateMethod", "{6B33CDEA-5880-4955-B4BA-C835954A557E}"
EndProject
Project("{FAE04EC0-301F-11D3-BF4B-00C04F79EFBC}") = "TextFileProcessor", "Chapter17\TemplateMethod\TextFileProcessor\TextFileProcessor.csproj", "{17115E65-DB90-47BD-8863-BE8D88F760CD}"
EndProject
Project("{FAE04EC0-301F-11D3-BF4B-00C04F79EFBC}") = "LineCounter", "Chapter17\TemplateMethod\LineCounter\LineCounter.csproj", "{823A7E1E-7B3A-4A80-BF7C-3B0A4D4E9DF6}"
EndProject
Project("{2150E333-8FDC-42A3-9474-1A3956D46DE8}") = "Strategy", "Strategy", "{5F124115-4D84-4C09-A771-49DCEF30B974}"
EndProject
Project("{FAE04EC0-301F-11D3-BF4B-00C04F79EFBC}") = "DistanceConverter", "Chapter17\Strategy\DistanceConverter\DistanceConverter.csproj", "{4426EB90-824B-44D2-96CC-56238D726BB5}"
EndProject
Project("{FAE04EC0-301F-11D3-BF4B-00C04F79EFBC}") = "TextNumberSizeChange", "Chapter17\TemplateMethod\LineCounter\TextNumberSizeChange\TextNumberSizeChange.csproj", "{4A46BA6B-AAAE-4C84-845E-71597CBAF74E}"
EndProject
Project("{2150E333-8FDC-42A3-9474-1A3956D46DE8}") = "WPF", "WPF", "{62349E07-6B57-4E76-8CC1-DC750EAC7486}"
EndProject
Project("{FAE04EC0-301F-11D3-BF4B-00C04F79EFBC}") = "SampleApplication", "WPF\SampleApplication\SampleApplication.csproj", "{E8DF3CD2-D34F-492A-B1BF-7EBBB732F3E2}"
EndProject
Project("{FAE04EC0-301F-11D3-BF4B-00C04F79EFBC}") = "GridSample", "WPF\GridSample\GridSample.csproj", "{FDCD00F1-AE06-428F-8F7F-432B781412C7}"
EndProject
Project("{FAE04EC0-301F-11D3-BF4B-00C04F79EFBC}") = "SampleSlider", "WPF\SampleSlider\SampleSlider.csproj", "{9353F534-3F53-4356-8988-B0259A9D242E}"
EndProject
Project("{FAE04EC0-301F-11D3-BF4B-00C04F79EFBC}") = "CollorChecker", "WPF\CollorChecker\CollorChecker.csproj", "{336E98E2-4C11-4333-A467-933DEFA30C64}"
EndProject
Project("{FAE04EC0-301F-11D3-BF4B-00C04F79EFBC}") = "SampleUnitConverter", "WPF\SampleUnitConverter\SampleUnitConverter.csproj", "{09DAB1CC-D40F-4ECE-A3BB-248A7119C8B3}"
EndProject
Project("{FAE04EC0-301F-11D3-BF4B-00C04F79EFBC}") = "SampleWeightUnitConverter", "WPF\SampleWeightUnitConverter\SampleWeightUnitConverter.csproj", "{057306A5-34DA-4A73-96E5-63C5DF1A7083}"
EndProject
Global
	GlobalSection(SolutionConfigurationPlatforms) = preSolution
		Debug|Any CPU = Debug|Any CPU
		Release|Any CPU = Release|Any CPU
	EndGlobalSection
	GlobalSection(ProjectConfigurationPlatforms) = postSolution
		{49666A36-240F-4A57-B03C-E288F17F92E4}.Debug|Any CPU.ActiveCfg = Debug|Any CPU
		{49666A36-240F-4A57-B03C-E288F17F92E4}.Debug|Any CPU.Build.0 = Debug|Any CPU
		{49666A36-240F-4A57-B03C-E288F17F92E4}.Release|Any CPU.ActiveCfg = Release|Any CPU
		{49666A36-240F-4A57-B03C-E288F17F92E4}.Release|Any CPU.Build.0 = Release|Any CPU
		{EB1EC2A1-6526-49F6-AEBF-E251B1E09F5C}.Debug|Any CPU.ActiveCfg = Debug|Any CPU
		{EB1EC2A1-6526-49F6-AEBF-E251B1E09F5C}.Debug|Any CPU.Build.0 = Debug|Any CPU
		{EB1EC2A1-6526-49F6-AEBF-E251B1E09F5C}.Release|Any CPU.ActiveCfg = Release|Any CPU
		{EB1EC2A1-6526-49F6-AEBF-E251B1E09F5C}.Release|Any CPU.Build.0 = Release|Any CPU
		{2783BEE3-6C3B-476C-9864-9C1D37D2C33F}.Debug|Any CPU.ActiveCfg = Debug|Any CPU
		{2783BEE3-6C3B-476C-9864-9C1D37D2C33F}.Debug|Any CPU.Build.0 = Debug|Any CPU
		{2783BEE3-6C3B-476C-9864-9C1D37D2C33F}.Release|Any CPU.ActiveCfg = Release|Any CPU
		{2783BEE3-6C3B-476C-9864-9C1D37D2C33F}.Release|Any CPU.Build.0 = Release|Any CPU
		{B1F30FA2-AE4D-466C-9B07-249CAD843E60}.Debug|Any CPU.ActiveCfg = Debug|Any CPU
		{B1F30FA2-AE4D-466C-9B07-249CAD843E60}.Debug|Any CPU.Build.0 = Debug|Any CPU
		{B1F30FA2-AE4D-466C-9B07-249CAD843E60}.Release|Any CPU.ActiveCfg = Release|Any CPU
		{B1F30FA2-AE4D-466C-9B07-249CAD843E60}.Release|Any CPU.Build.0 = Release|Any CPU
		{DDB732CF-5CDA-4750-A484-E8E2E70D576F}.Debug|Any CPU.ActiveCfg = Debug|Any CPU
		{DDB732CF-5CDA-4750-A484-E8E2E70D576F}.Debug|Any CPU.Build.0 = Debug|Any CPU
		{DDB732CF-5CDA-4750-A484-E8E2E70D576F}.Release|Any CPU.ActiveCfg = Release|Any CPU
		{DDB732CF-5CDA-4750-A484-E8E2E70D576F}.Release|Any CPU.Build.0 = Release|Any CPU
		{8ACBB068-2987-42BA-9A4A-258A2752C06A}.Debug|Any CPU.ActiveCfg = Debug|Any CPU
		{8ACBB068-2987-42BA-9A4A-258A2752C06A}.Debug|Any CPU.Build.0 = Debug|Any CPU
		{8ACBB068-2987-42BA-9A4A-258A2752C06A}.Release|Any CPU.ActiveCfg = Release|Any CPU
		{8ACBB068-2987-42BA-9A4A-258A2752C06A}.Release|Any CPU.Build.0 = Release|Any CPU
		{5288EF01-E302-4C58-BDB3-20EB513CCDE5}.Debug|Any CPU.ActiveCfg = Debug|Any CPU
		{5288EF01-E302-4C58-BDB3-20EB513CCDE5}.Debug|Any CPU.Build.0 = Debug|Any CPU
		{5288EF01-E302-4C58-BDB3-20EB513CCDE5}.Release|Any CPU.ActiveCfg = Release|Any CPU
		{5288EF01-E302-4C58-BDB3-20EB513CCDE5}.Release|Any CPU.Build.0 = Release|Any CPU
		{0E005B86-5FBC-432F-9DEF-91E44566CE6E}.Debug|Any CPU.ActiveCfg = Debug|Any CPU
		{0E005B86-5FBC-432F-9DEF-91E44566CE6E}.Debug|Any CPU.Build.0 = Debug|Any CPU
		{0E005B86-5FBC-432F-9DEF-91E44566CE6E}.Release|Any CPU.ActiveCfg = Release|Any CPU
		{0E005B86-5FBC-432F-9DEF-91E44566CE6E}.Release|Any CPU.Build.0 = Release|Any CPU
		{3012CCDA-1C33-4C69-9968-6D42F4FE54B0}.Debug|Any CPU.ActiveCfg = Debug|Any CPU
		{3012CCDA-1C33-4C69-9968-6D42F4FE54B0}.Debug|Any CPU.Build.0 = Debug|Any CPU
		{3012CCDA-1C33-4C69-9968-6D42F4FE54B0}.Release|Any CPU.ActiveCfg = Release|Any CPU
		{3012CCDA-1C33-4C69-9968-6D42F4FE54B0}.Release|Any CPU.Build.0 = Release|Any CPU
		{9E8E6654-4376-4896-916D-089ADB50460B}.Debug|Any CPU.ActiveCfg = Debug|Any CPU
		{9E8E6654-4376-4896-916D-089ADB50460B}.Debug|Any CPU.Build.0 = Debug|Any CPU
		{9E8E6654-4376-4896-916D-089ADB50460B}.Release|Any CPU.ActiveCfg = Release|Any CPU
		{9E8E6654-4376-4896-916D-089ADB50460B}.Release|Any CPU.Build.0 = Release|Any CPU
		{6AFCA804-47B6-44A2-9767-10A3009AAEFD}.Debug|Any CPU.ActiveCfg = Debug|Any CPU
		{6AFCA804-47B6-44A2-9767-10A3009AAEFD}.Debug|Any CPU.Build.0 = Debug|Any CPU
		{6AFCA804-47B6-44A2-9767-10A3009AAEFD}.Release|Any CPU.ActiveCfg = Release|Any CPU
		{6AFCA804-47B6-44A2-9767-10A3009AAEFD}.Release|Any CPU.Build.0 = Release|Any CPU
		{34700637-9E80-475C-B828-0AD6E3A6F080}.Debug|Any CPU.ActiveCfg = Debug|Any CPU
		{34700637-9E80-475C-B828-0AD6E3A6F080}.Debug|Any CPU.Build.0 = Debug|Any CPU
		{34700637-9E80-475C-B828-0AD6E3A6F080}.Release|Any CPU.ActiveCfg = Release|Any CPU
		{34700637-9E80-475C-B828-0AD6E3A6F080}.Release|Any CPU.Build.0 = Release|Any CPU
		{145A01D0-7F9E-4847-9432-8D8C64BA3623}.Debug|Any CPU.ActiveCfg = Debug|Any CPU
		{145A01D0-7F9E-4847-9432-8D8C64BA3623}.Debug|Any CPU.Build.0 = Debug|Any CPU
		{145A01D0-7F9E-4847-9432-8D8C64BA3623}.Release|Any CPU.ActiveCfg = Release|Any CPU
		{145A01D0-7F9E-4847-9432-8D8C64BA3623}.Release|Any CPU.Build.0 = Release|Any CPU
		{59B9B07A-E703-414D-89D9-DC3FACDA16AC}.Debug|Any CPU.ActiveCfg = Debug|Any CPU
		{59B9B07A-E703-414D-89D9-DC3FACDA16AC}.Debug|Any CPU.Build.0 = Debug|Any CPU
		{59B9B07A-E703-414D-89D9-DC3FACDA16AC}.Release|Any CPU.ActiveCfg = Release|Any CPU
		{59B9B07A-E703-414D-89D9-DC3FACDA16AC}.Release|Any CPU.Build.0 = Release|Any CPU
		{E2C63CF3-BAF5-4FFA-909F-0327EE9390DB}.Debug|Any CPU.ActiveCfg = Debug|Any CPU
		{E2C63CF3-BAF5-4FFA-909F-0327EE9390DB}.Debug|Any CPU.Build.0 = Debug|Any CPU
		{E2C63CF3-BAF5-4FFA-909F-0327EE9390DB}.Release|Any CPU.ActiveCfg = Release|Any CPU
		{E2C63CF3-BAF5-4FFA-909F-0327EE9390DB}.Release|Any CPU.Build.0 = Release|Any CPU
		{25A81D8B-E55C-4602-9741-8D63A3598167}.Debug|Any CPU.ActiveCfg = Debug|Any CPU
		{25A81D8B-E55C-4602-9741-8D63A3598167}.Debug|Any CPU.Build.0 = Debug|Any CPU
		{25A81D8B-E55C-4602-9741-8D63A3598167}.Release|Any CPU.ActiveCfg = Release|Any CPU
		{25A81D8B-E55C-4602-9741-8D63A3598167}.Release|Any CPU.Build.0 = Release|Any CPU
		{62AA2D74-55F4-4E64-94C2-B45AB7E87037}.Debug|Any CPU.ActiveCfg = Debug|Any CPU
		{62AA2D74-55F4-4E64-94C2-B45AB7E87037}.Debug|Any CPU.Build.0 = Debug|Any CPU
		{62AA2D74-55F4-4E64-94C2-B45AB7E87037}.Release|Any CPU.ActiveCfg = Release|Any CPU
		{62AA2D74-55F4-4E64-94C2-B45AB7E87037}.Release|Any CPU.Build.0 = Release|Any CPU
		{E307CDB4-2D85-4A12-9BC1-BB4226F10851}.Debug|Any CPU.ActiveCfg = Debug|Any CPU
		{E307CDB4-2D85-4A12-9BC1-BB4226F10851}.Debug|Any CPU.Build.0 = Debug|Any CPU
		{E307CDB4-2D85-4A12-9BC1-BB4226F10851}.Release|Any CPU.ActiveCfg = Release|Any CPU
		{E307CDB4-2D85-4A12-9BC1-BB4226F10851}.Release|Any CPU.Build.0 = Release|Any CPU
		{DDCA3DC8-857B-4937-A24D-D90AE9D6A6F9}.Debug|Any CPU.ActiveCfg = Debug|Any CPU
		{DDCA3DC8-857B-4937-A24D-D90AE9D6A6F9}.Debug|Any CPU.Build.0 = Debug|Any CPU
		{DDCA3DC8-857B-4937-A24D-D90AE9D6A6F9}.Release|Any CPU.ActiveCfg = Release|Any CPU
		{DDCA3DC8-857B-4937-A24D-D90AE9D6A6F9}.Release|Any CPU.Build.0 = Release|Any CPU
		{787BA64B-BD42-4BF7-BCCC-9C3DB3776F10}.Debug|Any CPU.ActiveCfg = Debug|Any CPU
		{787BA64B-BD42-4BF7-BCCC-9C3DB3776F10}.Debug|Any CPU.Build.0 = Debug|Any CPU
		{787BA64B-BD42-4BF7-BCCC-9C3DB3776F10}.Release|Any CPU.ActiveCfg = Release|Any CPU
		{787BA64B-BD42-4BF7-BCCC-9C3DB3776F10}.Release|Any CPU.Build.0 = Release|Any CPU
		{05B1354E-5222-48EC-AAB8-FEC79AC6A8DA}.Debug|Any CPU.ActiveCfg = Debug|Any CPU
		{05B1354E-5222-48EC-AAB8-FEC79AC6A8DA}.Debug|Any CPU.Build.0 = Debug|Any CPU
		{05B1354E-5222-48EC-AAB8-FEC79AC6A8DA}.Release|Any CPU.ActiveCfg = Release|Any CPU
		{05B1354E-5222-48EC-AAB8-FEC79AC6A8DA}.Release|Any CPU.Build.0 = Release|Any CPU
		{2BFACDC3-F44D-4199-8498-F5C3C4AC0335}.Debug|Any CPU.ActiveCfg = Debug|Any CPU
		{2BFACDC3-F44D-4199-8498-F5C3C4AC0335}.Debug|Any CPU.Build.0 = Debug|Any CPU
		{2BFACDC3-F44D-4199-8498-F5C3C4AC0335}.Release|Any CPU.ActiveCfg = Release|Any CPU
		{2BFACDC3-F44D-4199-8498-F5C3C4AC0335}.Release|Any CPU.Build.0 = Release|Any CPU
		{E461C0A8-8900-485C-B520-E929BA33F712}.Debug|Any CPU.ActiveCfg = Debug|Any CPU
		{E461C0A8-8900-485C-B520-E929BA33F712}.Debug|Any CPU.Build.0 = Debug|Any CPU
		{E461C0A8-8900-485C-B520-E929BA33F712}.Release|Any CPU.ActiveCfg = Release|Any CPU
		{E461C0A8-8900-485C-B520-E929BA33F712}.Release|Any CPU.Build.0 = Release|Any CPU
		{B18F03DC-2B11-4423-8217-279E69F91287}.Debug|Any CPU.ActiveCfg = Debug|Any CPU
		{B18F03DC-2B11-4423-8217-279E69F91287}.Debug|Any CPU.Build.0 = Debug|Any CPU
		{B18F03DC-2B11-4423-8217-279E69F91287}.Release|Any CPU.ActiveCfg = Release|Any CPU
		{B18F03DC-2B11-4423-8217-279E69F91287}.Release|Any CPU.Build.0 = Release|Any CPU
		{C2B46C98-27EB-4961-A377-8523C384824A}.Debug|Any CPU.ActiveCfg = Debug|Any CPU
		{C2B46C98-27EB-4961-A377-8523C384824A}.Debug|Any CPU.Build.0 = Debug|Any CPU
		{C2B46C98-27EB-4961-A377-8523C384824A}.Release|Any CPU.ActiveCfg = Release|Any CPU
		{C2B46C98-27EB-4961-A377-8523C384824A}.Release|Any CPU.Build.0 = Release|Any CPU
		{DAEB1A8D-C985-4DBB-9BBC-DC292A097280}.Debug|Any CPU.ActiveCfg = Debug|Any CPU
		{DAEB1A8D-C985-4DBB-9BBC-DC292A097280}.Debug|Any CPU.Build.0 = Debug|Any CPU
		{DAEB1A8D-C985-4DBB-9BBC-DC292A097280}.Release|Any CPU.ActiveCfg = Release|Any CPU
		{DAEB1A8D-C985-4DBB-9BBC-DC292A097280}.Release|Any CPU.Build.0 = Release|Any CPU
		{6AC3BF6E-6B96-47F9-89F3-CD7808ED9736}.Debug|Any CPU.ActiveCfg = Debug|Any CPU
		{6AC3BF6E-6B96-47F9-89F3-CD7808ED9736}.Debug|Any CPU.Build.0 = Debug|Any CPU
		{6AC3BF6E-6B96-47F9-89F3-CD7808ED9736}.Release|Any CPU.ActiveCfg = Release|Any CPU
		{6AC3BF6E-6B96-47F9-89F3-CD7808ED9736}.Release|Any CPU.Build.0 = Release|Any CPU
		{1B420C41-AD5D-4118-BB38-BD719B78FC7D}.Debug|Any CPU.ActiveCfg = Debug|Any CPU
		{1B420C41-AD5D-4118-BB38-BD719B78FC7D}.Debug|Any CPU.Build.0 = Debug|Any CPU
		{1B420C41-AD5D-4118-BB38-BD719B78FC7D}.Release|Any CPU.ActiveCfg = Release|Any CPU
		{1B420C41-AD5D-4118-BB38-BD719B78FC7D}.Release|Any CPU.Build.0 = Release|Any CPU
		{8E70543E-4A9C-486E-A88E-D30F89A9D2CB}.Debug|Any CPU.ActiveCfg = Debug|Any CPU
		{8E70543E-4A9C-486E-A88E-D30F89A9D2CB}.Debug|Any CPU.Build.0 = Debug|Any CPU
		{8E70543E-4A9C-486E-A88E-D30F89A9D2CB}.Release|Any CPU.ActiveCfg = Release|Any CPU
		{8E70543E-4A9C-486E-A88E-D30F89A9D2CB}.Release|Any CPU.Build.0 = Release|Any CPU
		{7CA90D36-4018-495C-9685-EE8E88702349}.Debug|Any CPU.ActiveCfg = Debug|Any CPU
		{7CA90D36-4018-495C-9685-EE8E88702349}.Debug|Any CPU.Build.0 = Debug|Any CPU
		{7CA90D36-4018-495C-9685-EE8E88702349}.Release|Any CPU.ActiveCfg = Release|Any CPU
		{7CA90D36-4018-495C-9685-EE8E88702349}.Release|Any CPU.Build.0 = Release|Any CPU
		{0B603041-E9F9-488A-BF0C-1DD8FA2B68A4}.Debug|Any CPU.ActiveCfg = Debug|Any CPU
		{0B603041-E9F9-488A-BF0C-1DD8FA2B68A4}.Debug|Any CPU.Build.0 = Debug|Any CPU
		{0B603041-E9F9-488A-BF0C-1DD8FA2B68A4}.Release|Any CPU.ActiveCfg = Release|Any CPU
		{0B603041-E9F9-488A-BF0C-1DD8FA2B68A4}.Release|Any CPU.Build.0 = Release|Any CPU
		{CB75BC8A-177B-43C6-B23D-9BAE2787B6D0}.Debug|Any CPU.ActiveCfg = Debug|Any CPU
		{CB75BC8A-177B-43C6-B23D-9BAE2787B6D0}.Debug|Any CPU.Build.0 = Debug|Any CPU
		{CB75BC8A-177B-43C6-B23D-9BAE2787B6D0}.Release|Any CPU.ActiveCfg = Release|Any CPU
		{CB75BC8A-177B-43C6-B23D-9BAE2787B6D0}.Release|Any CPU.Build.0 = Release|Any CPU
		{2C178299-0D60-4A16-82F7-434A001E09C1}.Debug|Any CPU.ActiveCfg = Debug|Any CPU
		{2C178299-0D60-4A16-82F7-434A001E09C1}.Debug|Any CPU.Build.0 = Debug|Any CPU
		{2C178299-0D60-4A16-82F7-434A001E09C1}.Release|Any CPU.ActiveCfg = Release|Any CPU
		{2C178299-0D60-4A16-82F7-434A001E09C1}.Release|Any CPU.Build.0 = Release|Any CPU
		{FB67DE46-D72F-493F-9680-EE9F3CB29B6B}.Debug|Any CPU.ActiveCfg = Debug|Any CPU
		{FB67DE46-D72F-493F-9680-EE9F3CB29B6B}.Debug|Any CPU.Build.0 = Debug|Any CPU
		{FB67DE46-D72F-493F-9680-EE9F3CB29B6B}.Release|Any CPU.ActiveCfg = Release|Any CPU
		{FB67DE46-D72F-493F-9680-EE9F3CB29B6B}.Release|Any CPU.Build.0 = Release|Any CPU
		{F2A442A9-7512-485D-BAA5-4B060DEE0B0C}.Debug|Any CPU.ActiveCfg = Debug|Any CPU
		{F2A442A9-7512-485D-BAA5-4B060DEE0B0C}.Debug|Any CPU.Build.0 = Debug|Any CPU
		{F2A442A9-7512-485D-BAA5-4B060DEE0B0C}.Release|Any CPU.ActiveCfg = Release|Any CPU
		{F2A442A9-7512-485D-BAA5-4B060DEE0B0C}.Release|Any CPU.Build.0 = Release|Any CPU
		{50C86506-6730-4D95-BF01-239703D6B21E}.Debug|Any CPU.ActiveCfg = Debug|Any CPU
		{50C86506-6730-4D95-BF01-239703D6B21E}.Debug|Any CPU.Build.0 = Debug|Any CPU
		{50C86506-6730-4D95-BF01-239703D6B21E}.Release|Any CPU.ActiveCfg = Release|Any CPU
		{50C86506-6730-4D95-BF01-239703D6B21E}.Release|Any CPU.Build.0 = Release|Any CPU
		{1ACB1F26-BC29-41E7-BE11-AC8756DB2B15}.Debug|Any CPU.ActiveCfg = Debug|Any CPU
		{1ACB1F26-BC29-41E7-BE11-AC8756DB2B15}.Debug|Any CPU.Build.0 = Debug|Any CPU
		{1ACB1F26-BC29-41E7-BE11-AC8756DB2B15}.Release|Any CPU.ActiveCfg = Release|Any CPU
		{1ACB1F26-BC29-41E7-BE11-AC8756DB2B15}.Release|Any CPU.Build.0 = Release|Any CPU
		{F2AC7D0B-4D56-40F5-A3B5-B1B21F2B9993}.Debug|Any CPU.ActiveCfg = Debug|Any CPU
		{F2AC7D0B-4D56-40F5-A3B5-B1B21F2B9993}.Debug|Any CPU.Build.0 = Debug|Any CPU
		{F2AC7D0B-4D56-40F5-A3B5-B1B21F2B9993}.Release|Any CPU.ActiveCfg = Release|Any CPU
		{F2AC7D0B-4D56-40F5-A3B5-B1B21F2B9993}.Release|Any CPU.Build.0 = Release|Any CPU
		{210E4E24-A0AE-4280-B2EF-E5F1BD357D49}.Debug|Any CPU.ActiveCfg = Debug|Any CPU
		{210E4E24-A0AE-4280-B2EF-E5F1BD357D49}.Debug|Any CPU.Build.0 = Debug|Any CPU
		{210E4E24-A0AE-4280-B2EF-E5F1BD357D49}.Release|Any CPU.ActiveCfg = Release|Any CPU
		{210E4E24-A0AE-4280-B2EF-E5F1BD357D49}.Release|Any CPU.Build.0 = Release|Any CPU
		{67BFBAAC-3582-426E-B18C-A694561EE5A9}.Debug|Any CPU.ActiveCfg = Debug|Any CPU
		{67BFBAAC-3582-426E-B18C-A694561EE5A9}.Debug|Any CPU.Build.0 = Debug|Any CPU
		{67BFBAAC-3582-426E-B18C-A694561EE5A9}.Release|Any CPU.ActiveCfg = Release|Any CPU
		{67BFBAAC-3582-426E-B18C-A694561EE5A9}.Release|Any CPU.Build.0 = Release|Any CPU
		{F4E376CC-CF3C-4ECC-8891-7BBD82A3DA4D}.Debug|Any CPU.ActiveCfg = Debug|Any CPU
		{F4E376CC-CF3C-4ECC-8891-7BBD82A3DA4D}.Debug|Any CPU.Build.0 = Debug|Any CPU
		{F4E376CC-CF3C-4ECC-8891-7BBD82A3DA4D}.Release|Any CPU.ActiveCfg = Release|Any CPU
		{F4E376CC-CF3C-4ECC-8891-7BBD82A3DA4D}.Release|Any CPU.Build.0 = Release|Any CPU
		{58F408DF-06C9-44CC-8FE4-0855E8651335}.Debug|Any CPU.ActiveCfg = Debug|Any CPU
		{58F408DF-06C9-44CC-8FE4-0855E8651335}.Debug|Any CPU.Build.0 = Debug|Any CPU
		{58F408DF-06C9-44CC-8FE4-0855E8651335}.Release|Any CPU.ActiveCfg = Release|Any CPU
		{58F408DF-06C9-44CC-8FE4-0855E8651335}.Release|Any CPU.Build.0 = Release|Any CPU
		{59A895EE-12E1-4C1E-BC86-594F5BA8038B}.Debug|Any CPU.ActiveCfg = Debug|Any CPU
		{59A895EE-12E1-4C1E-BC86-594F5BA8038B}.Debug|Any CPU.Build.0 = Debug|Any CPU
		{59A895EE-12E1-4C1E-BC86-594F5BA8038B}.Release|Any CPU.ActiveCfg = Release|Any CPU
		{59A895EE-12E1-4C1E-BC86-594F5BA8038B}.Release|Any CPU.Build.0 = Release|Any CPU
		{F7DE7E8A-0646-404D-811C-A4BAE83714A6}.Debug|Any CPU.ActiveCfg = Debug|Any CPU
		{F7DE7E8A-0646-404D-811C-A4BAE83714A6}.Debug|Any CPU.Build.0 = Debug|Any CPU
		{F7DE7E8A-0646-404D-811C-A4BAE83714A6}.Release|Any CPU.ActiveCfg = Release|Any CPU
		{F7DE7E8A-0646-404D-811C-A4BAE83714A6}.Release|Any CPU.Build.0 = Release|Any CPU
		{17115E65-DB90-47BD-8863-BE8D88F760CD}.Debug|Any CPU.ActiveCfg = Debug|Any CPU
		{17115E65-DB90-47BD-8863-BE8D88F760CD}.Debug|Any CPU.Build.0 = Debug|Any CPU
		{17115E65-DB90-47BD-8863-BE8D88F760CD}.Release|Any CPU.ActiveCfg = Release|Any CPU
		{17115E65-DB90-47BD-8863-BE8D88F760CD}.Release|Any CPU.Build.0 = Release|Any CPU
		{823A7E1E-7B3A-4A80-BF7C-3B0A4D4E9DF6}.Debug|Any CPU.ActiveCfg = Debug|Any CPU
		{823A7E1E-7B3A-4A80-BF7C-3B0A4D4E9DF6}.Debug|Any CPU.Build.0 = Debug|Any CPU
		{823A7E1E-7B3A-4A80-BF7C-3B0A4D4E9DF6}.Release|Any CPU.ActiveCfg = Release|Any CPU
		{823A7E1E-7B3A-4A80-BF7C-3B0A4D4E9DF6}.Release|Any CPU.Build.0 = Release|Any CPU
		{4426EB90-824B-44D2-96CC-56238D726BB5}.Debug|Any CPU.ActiveCfg = Debug|Any CPU
		{4426EB90-824B-44D2-96CC-56238D726BB5}.Debug|Any CPU.Build.0 = Debug|Any CPU
		{4426EB90-824B-44D2-96CC-56238D726BB5}.Release|Any CPU.ActiveCfg = Release|Any CPU
		{4426EB90-824B-44D2-96CC-56238D726BB5}.Release|Any CPU.Build.0 = Release|Any CPU
		{4A46BA6B-AAAE-4C84-845E-71597CBAF74E}.Debug|Any CPU.ActiveCfg = Debug|Any CPU
		{4A46BA6B-AAAE-4C84-845E-71597CBAF74E}.Debug|Any CPU.Build.0 = Debug|Any CPU
		{4A46BA6B-AAAE-4C84-845E-71597CBAF74E}.Release|Any CPU.ActiveCfg = Release|Any CPU
		{4A46BA6B-AAAE-4C84-845E-71597CBAF74E}.Release|Any CPU.Build.0 = Release|Any CPU
		{E8DF3CD2-D34F-492A-B1BF-7EBBB732F3E2}.Debug|Any CPU.ActiveCfg = Debug|Any CPU
		{E8DF3CD2-D34F-492A-B1BF-7EBBB732F3E2}.Debug|Any CPU.Build.0 = Debug|Any CPU
		{E8DF3CD2-D34F-492A-B1BF-7EBBB732F3E2}.Release|Any CPU.ActiveCfg = Release|Any CPU
		{E8DF3CD2-D34F-492A-B1BF-7EBBB732F3E2}.Release|Any CPU.Build.0 = Release|Any CPU
		{FDCD00F1-AE06-428F-8F7F-432B781412C7}.Debug|Any CPU.ActiveCfg = Debug|Any CPU
		{FDCD00F1-AE06-428F-8F7F-432B781412C7}.Debug|Any CPU.Build.0 = Debug|Any CPU
		{FDCD00F1-AE06-428F-8F7F-432B781412C7}.Release|Any CPU.ActiveCfg = Release|Any CPU
		{FDCD00F1-AE06-428F-8F7F-432B781412C7}.Release|Any CPU.Build.0 = Release|Any CPU
		{9353F534-3F53-4356-8988-B0259A9D242E}.Debug|Any CPU.ActiveCfg = Debug|Any CPU
		{9353F534-3F53-4356-8988-B0259A9D242E}.Debug|Any CPU.Build.0 = Debug|Any CPU
		{9353F534-3F53-4356-8988-B0259A9D242E}.Release|Any CPU.ActiveCfg = Release|Any CPU
		{9353F534-3F53-4356-8988-B0259A9D242E}.Release|Any CPU.Build.0 = Release|Any CPU
		{336E98E2-4C11-4333-A467-933DEFA30C64}.Debug|Any CPU.ActiveCfg = Debug|Any CPU
		{336E98E2-4C11-4333-A467-933DEFA30C64}.Debug|Any CPU.Build.0 = Debug|Any CPU
		{336E98E2-4C11-4333-A467-933DEFA30C64}.Release|Any CPU.ActiveCfg = Release|Any CPU
		{336E98E2-4C11-4333-A467-933DEFA30C64}.Release|Any CPU.Build.0 = Release|Any CPU
		{09DAB1CC-D40F-4ECE-A3BB-248A7119C8B3}.Debug|Any CPU.ActiveCfg = Debug|Any CPU
		{09DAB1CC-D40F-4ECE-A3BB-248A7119C8B3}.Debug|Any CPU.Build.0 = Debug|Any CPU
		{09DAB1CC-D40F-4ECE-A3BB-248A7119C8B3}.Release|Any CPU.ActiveCfg = Release|Any CPU
		{09DAB1CC-D40F-4ECE-A3BB-248A7119C8B3}.Release|Any CPU.Build.0 = Release|Any CPU
		{057306A5-34DA-4A73-96E5-63C5DF1A7083}.Debug|Any CPU.ActiveCfg = Debug|Any CPU
		{057306A5-34DA-4A73-96E5-63C5DF1A7083}.Debug|Any CPU.Build.0 = Debug|Any CPU
		{057306A5-34DA-4A73-96E5-63C5DF1A7083}.Release|Any CPU.ActiveCfg = Release|Any CPU
		{057306A5-34DA-4A73-96E5-63C5DF1A7083}.Release|Any CPU.Build.0 = Release|Any CPU
	EndGlobalSection
	GlobalSection(SolutionProperties) = preSolution
		HideSolutionNode = FALSE
	EndGlobalSection
	GlobalSection(NestedProjects) = preSolution
		{49666A36-240F-4A57-B03C-E288F17F92E4} = {4E426D0E-4738-4C5B-B84E-55FB5660AA8D}
		{EB1EC2A1-6526-49F6-AEBF-E251B1E09F5C} = {CC5F8113-94BF-486C-AF29-8EB2231A2F24}
		{CC5F8113-94BF-486C-AF29-8EB2231A2F24} = {82855088-9D82-4E52-B7BC-DDD9C2EF1125}
		{AF31C7D8-4C43-4F75-B4A7-78127EA80589} = {82855088-9D82-4E52-B7BC-DDD9C2EF1125}
		{2783BEE3-6C3B-476C-9864-9C1D37D2C33F} = {AF31C7D8-4C43-4F75-B4A7-78127EA80589}
		{10B0231A-13A6-4E6D-90B9-0E33C205759D} = {82855088-9D82-4E52-B7BC-DDD9C2EF1125}
		{B1F30FA2-AE4D-466C-9B07-249CAD843E60} = {10B0231A-13A6-4E6D-90B9-0E33C205759D}
		{DDB732CF-5CDA-4750-A484-E8E2E70D576F} = {10B0231A-13A6-4E6D-90B9-0E33C205759D}
		{8ACBB068-2987-42BA-9A4A-258A2752C06A} = {8EE8865A-A40D-4D52-BE2B-00EE653C031E}
		{5288EF01-E302-4C58-BDB3-20EB513CCDE5} = {0CACB17D-9ACA-4302-8126-43ACCD8AB775}
		{F87C5908-134D-49B7-9790-065AA4411338} = {0CACB17D-9ACA-4302-8126-43ACCD8AB775}
		{0E005B86-5FBC-432F-9DEF-91E44566CE6E} = {F87C5908-134D-49B7-9790-065AA4411338}
		{3012CCDA-1C33-4C69-9968-6D42F4FE54B0} = {F87C5908-134D-49B7-9790-065AA4411338}
		{9E8E6654-4376-4896-916D-089ADB50460B} = {03DD21A0-DE49-4D16-BFCF-6C8EE43832AB}
		{B08B67E1-45D9-49CE-8CC1-1A969DB47009} = {03DD21A0-DE49-4D16-BFCF-6C8EE43832AB}
		{6AFCA804-47B6-44A2-9767-10A3009AAEFD} = {B08B67E1-45D9-49CE-8CC1-1A969DB47009}
		{34700637-9E80-475C-B828-0AD6E3A6F080} = {B08B67E1-45D9-49CE-8CC1-1A969DB47009}
		{4D69EFAC-DF57-43D5-B5DA-5CFA64E6EEBD} = {681D5303-0ACF-486E-BB1C-EB794336ED54}
		{145A01D0-7F9E-4847-9432-8D8C64BA3623} = {4D69EFAC-DF57-43D5-B5DA-5CFA64E6EEBD}
		{59B9B07A-E703-414D-89D9-DC3FACDA16AC} = {4D69EFAC-DF57-43D5-B5DA-5CFA64E6EEBD}
		{E2C63CF3-BAF5-4FFA-909F-0327EE9390DB} = {4D69EFAC-DF57-43D5-B5DA-5CFA64E6EEBD}
		{25A81D8B-E55C-4602-9741-8D63A3598167} = {4D69EFAC-DF57-43D5-B5DA-5CFA64E6EEBD}
		{62AA2D74-55F4-4E64-94C2-B45AB7E87037} = {5933C806-D7FE-4A99-A519-6B87B0505183}
		{3DC4CF4F-E5F4-4C1A-994D-7740916A64D3} = {5933C806-D7FE-4A99-A519-6B87B0505183}
		{E307CDB4-2D85-4A12-9BC1-BB4226F10851} = {3DC4CF4F-E5F4-4C1A-994D-7740916A64D3}
		{DDCA3DC8-857B-4937-A24D-D90AE9D6A6F9} = {3DC4CF4F-E5F4-4C1A-994D-7740916A64D3}
		{787BA64B-BD42-4BF7-BCCC-9C3DB3776F10} = {986AB4F4-F789-41DA-AE9E-B86229439A16}
		{05B1354E-5222-48EC-AAB8-FEC79AC6A8DA} = {986AB4F4-F789-41DA-AE9E-B86229439A16}
		{2BFACDC3-F44D-4199-8498-F5C3C4AC0335} = {49F7B07C-DE18-4E6B-B97C-726BEF7FB41A}
		{E461C0A8-8900-485C-B520-E929BA33F712} = {49F7B07C-DE18-4E6B-B97C-726BEF7FB41A}
		{B18F03DC-2B11-4423-8217-279E69F91287} = {986AB4F4-F789-41DA-AE9E-B86229439A16}
		{C2B46C98-27EB-4961-A377-8523C384824A} = {986AB4F4-F789-41DA-AE9E-B86229439A16}
		{DAEB1A8D-C985-4DBB-9BBC-DC292A097280} = {6D95AA15-CBE9-444C-BD4E-DFC299964979}
		{6AC3BF6E-6B96-47F9-89F3-CD7808ED9736} = {8EE8865A-A40D-4D52-BE2B-00EE653C031E}
		{1B420C41-AD5D-4118-BB38-BD719B78FC7D} = {6D95AA15-CBE9-444C-BD4E-DFC299964979}
		{8E70543E-4A9C-486E-A88E-D30F89A9D2CB} = {8EE8865A-A40D-4D52-BE2B-00EE653C031E}
		{7CA90D36-4018-495C-9685-EE8E88702349} = {5EC17CD4-536D-4AEA-A5F1-197FE4A5F5E9}
		{3F93CC8B-9180-4B8A-BB9E-CFFE7403DC45} = {5EC17CD4-536D-4AEA-A5F1-197FE4A5F5E9}
		{0B603041-E9F9-488A-BF0C-1DD8FA2B68A4} = {3F93CC8B-9180-4B8A-BB9E-CFFE7403DC45}
		{CB75BC8A-177B-43C6-B23D-9BAE2787B6D0} = {5EC17CD4-536D-4AEA-A5F1-197FE4A5F5E9}
		{2C178299-0D60-4A16-82F7-434A001E09C1} = {FE35FAED-0A82-4AD7-9CBA-D4AA01B5D1E9}
		{6C616E79-C1A7-468A-A6DC-A4E20E7B22A5} = {FE35FAED-0A82-4AD7-9CBA-D4AA01B5D1E9}
		{FB67DE46-D72F-493F-9680-EE9F3CB29B6B} = {6C616E79-C1A7-468A-A6DC-A4E20E7B22A5}
		{F2A442A9-7512-485D-BAA5-4B060DEE0B0C} = {FE35FAED-0A82-4AD7-9CBA-D4AA01B5D1E9}
		{50C86506-6730-4D95-BF01-239703D6B21E} = {8EE8865A-A40D-4D52-BE2B-00EE653C031E}
		{1ACB1F26-BC29-41E7-BE11-AC8756DB2B15} = {2B40AFB3-05AC-45DA-A53F-AC53A6322630}
		{F2AC7D0B-4D56-40F5-A3B5-B1B21F2B9993} = {8EE8865A-A40D-4D52-BE2B-00EE653C031E}
		{210E4E24-A0AE-4280-B2EF-E5F1BD357D49} = {4F8CA2A5-D110-4B08-B8A2-2564AC6CD43A}
		{BB73B072-2776-4AFA-9CB3-D3E44291629A} = {4F8CA2A5-D110-4B08-B8A2-2564AC6CD43A}
		{67BFBAAC-3582-426E-B18C-A694561EE5A9} = {BB73B072-2776-4AFA-9CB3-D3E44291629A}
		{F4E376CC-CF3C-4ECC-8891-7BBD82A3DA4D} = {5DC76838-2856-45F2-AEA4-8508EBBB050E}
		{58F408DF-06C9-44CC-8FE4-0855E8651335} = {5DC76838-2856-45F2-AEA4-8508EBBB050E}
		{59A895EE-12E1-4C1E-BC86-594F5BA8038B} = {B0272A98-20AD-42AF-A224-BFC23857C7E4}
		{F7DE7E8A-0646-404D-811C-A4BAE83714A6} = {B0272A98-20AD-42AF-A224-BFC23857C7E4}
		{6B33CDEA-5880-4955-B4BA-C835954A557E} = {B0272A98-20AD-42AF-A224-BFC23857C7E4}
		{17115E65-DB90-47BD-8863-BE8D88F760CD} = {6B33CDEA-5880-4955-B4BA-C835954A557E}
		{823A7E1E-7B3A-4A80-BF7C-3B0A4D4E9DF6} = {6B33CDEA-5880-4955-B4BA-C835954A557E}
		{5F124115-4D84-4C09-A771-49DCEF30B974} = {B0272A98-20AD-42AF-A224-BFC23857C7E4}
		{4426EB90-824B-44D2-96CC-56238D726BB5} = {5F124115-4D84-4C09-A771-49DCEF30B974}
		{4A46BA6B-AAAE-4C84-845E-71597CBAF74E} = {6B33CDEA-5880-4955-B4BA-C835954A557E}
		{E8DF3CD2-D34F-492A-B1BF-7EBBB732F3E2} = {62349E07-6B57-4E76-8CC1-DC750EAC7486}
		{FDCD00F1-AE06-428F-8F7F-432B781412C7} = {62349E07-6B57-4E76-8CC1-DC750EAC7486}
		{9353F534-3F53-4356-8988-B0259A9D242E} = {62349E07-6B57-4E76-8CC1-DC750EAC7486}
		{336E98E2-4C11-4333-A467-933DEFA30C64} = {62349E07-6B57-4E76-8CC1-DC750EAC7486}
		{09DAB1CC-D40F-4ECE-A3BB-248A7119C8B3} = {62349E07-6B57-4E76-8CC1-DC750EAC7486}
		{057306A5-34DA-4A73-96E5-63C5DF1A7083} = {62349E07-6B57-4E76-8CC1-DC750EAC7486}
	EndGlobalSection
	GlobalSection(ExtensibilityGlobals) = postSolution
		SolutionGuid = {A7B53417-A72C-421C-8799-FADED2026A9B}
	EndGlobalSection
EndGlobal
